
Microsoft Visual Studio Solution File, Format Version 12.00
# Visual Studio Version 16
VisualStudioVersion = 16.0.31613.86
MinimumVisualStudioVersion = 10.0.40219.1
Project("{2150E333-8FDC-42A3-9474-1A3956D46DE8}") = "src", "src", "{BD3D111E-F137-4AB0-A572-33082F578D74}"
EndProject
Project("{2150E333-8FDC-42A3-9474-1A3956D46DE8}") = "Domain", "Domain", "{E17DF144-72C9-4557-B11D-63C98B334D9E}"
EndProject
Project("{2150E333-8FDC-42A3-9474-1A3956D46DE8}") = "Infra", "Infra", "{502BC83F-57A7-4BF7-896A-3C3F9EB15A05}"
EndProject
Project("{2150E333-8FDC-42A3-9474-1A3956D46DE8}") = "Services", "Services", "{380CF304-C662-493A-AE3A-7BECB30FB479}"
EndProject
Project("{9A19103F-16F7-4668-BE54-9A1E7A4F7556}") = "Core", "Core\Core.csproj", "{FEC284D1-9B2A-4902-B55C-9CFF038B2CA9}"
EndProject
Project("{9A19103F-16F7-4668-BE54-9A1E7A4F7556}") = "Shared", "Shared\Shared.csproj", "{7C559751-C1A2-4254-8CF0-68A4F53E2F0D}"
EndProject
Project("{9A19103F-16F7-4668-BE54-9A1E7A4F7556}") = "Data", "Data\Data.csproj", "{D032CB01-D5B4-4436-9EDA-E050994E82C0}"
EndProject
Project("{FAE04EC0-301F-11D3-BF4B-00C04F79EFBC}") = "BlueBankAPI", "Service\BlueBankAPI\BlueBankAPI.csproj", "{44D63EBA-3F16-4EA6-AE5B-D087813FA1AE}"
EndProject
Global
	GlobalSection(SolutionConfigurationPlatforms) = preSolution
		Debug|Any CPU = Debug|Any CPU
		Release|Any CPU = Release|Any CPU
	EndGlobalSection
	GlobalSection(ProjectConfigurationPlatforms) = postSolution
		{FEC284D1-9B2A-4902-B55C-9CFF038B2CA9}.Debug|Any CPU.ActiveCfg = Debug|Any CPU
		{FEC284D1-9B2A-4902-B55C-9CFF038B2CA9}.Debug|Any CPU.Build.0 = Debug|Any CPU
		{FEC284D1-9B2A-4902-B55C-9CFF038B2CA9}.Release|Any CPU.ActiveCfg = Release|Any CPU
		{FEC284D1-9B2A-4902-B55C-9CFF038B2CA9}.Release|Any CPU.Build.0 = Release|Any CPU
		{7C559751-C1A2-4254-8CF0-68A4F53E2F0D}.Debug|Any CPU.ActiveCfg = Debug|Any CPU
		{7C559751-C1A2-4254-8CF0-68A4F53E2F0D}.Debug|Any CPU.Build.0 = Debug|Any CPU
		{7C559751-C1A2-4254-8CF0-68A4F53E2F0D}.Release|Any CPU.ActiveCfg = Release|Any CPU
		{7C559751-C1A2-4254-8CF0-68A4F53E2F0D}.Release|Any CPU.Build.0 = Release|Any CPU
		{D032CB01-D5B4-4436-9EDA-E050994E82C0}.Debug|Any CPU.ActiveCfg = Debug|Any CPU
		{D032CB01-D5B4-4436-9EDA-E050994E82C0}.Debug|Any CPU.Build.0 = Debug|Any CPU
		{D032CB01-D5B4-4436-9EDA-E050994E82C0}.Release|Any CPU.ActiveCfg = Release|Any CPU
		{D032CB01-D5B4-4436-9EDA-E050994E82C0}.Release|Any CPU.Build.0 = Release|Any CPU
		{44D63EBA-3F16-4EA6-AE5B-D087813FA1AE}.Debug|Any CPU.ActiveCfg = Debug|Any CPU
		{44D63EBA-3F16-4EA6-AE5B-D087813FA1AE}.Debug|Any CPU.Build.0 = Debug|Any CPU
		{44D63EBA-3F16-4EA6-AE5B-D087813FA1AE}.Release|Any CPU.ActiveCfg = Release|Any CPU
		{44D63EBA-3F16-4EA6-AE5B-D087813FA1AE}.Release|Any CPU.Build.0 = Release|Any CPU
	EndGlobalSection
	GlobalSection(SolutionProperties) = preSolution
		HideSolutionNode = FALSE
	EndGlobalSection
	GlobalSection(NestedProjects) = preSolution
		{E17DF144-72C9-4557-B11D-63C98B334D9E} = {BD3D111E-F137-4AB0-A572-33082F578D74}
		{502BC83F-57A7-4BF7-896A-3C3F9EB15A05} = {BD3D111E-F137-4AB0-A572-33082F578D74}
		{380CF304-C662-493A-AE3A-7BECB30FB479} = {BD3D111E-F137-4AB0-A572-33082F578D74}
		{FEC284D1-9B2A-4902-B55C-9CFF038B2CA9} = {E17DF144-72C9-4557-B11D-63C98B334D9E}
		{7C559751-C1A2-4254-8CF0-68A4F53E2F0D} = {E17DF144-72C9-4557-B11D-63C98B334D9E}
		{D032CB01-D5B4-4436-9EDA-E050994E82C0} = {502BC83F-57A7-4BF7-896A-3C3F9EB15A05}
		{44D63EBA-3F16-4EA6-AE5B-D087813FA1AE} = {380CF304-C662-493A-AE3A-7BECB30FB479}
	EndGlobalSection
	GlobalSection(ExtensibilityGlobals) = postSolution
		SolutionGuid = {37D04AE9-5FEA-436C-B514-8493BE9E296C}
	EndGlobalSection
EndGlobal
